// !$*UTF8*$!
{
	archiveVersion = 1;
	classes = {
	};
	objectVersion = 46;
	objects = {

/* Begin PBXBuildFile section */
		200364F21CFE04A400A09CEA /* TimestampTests.swift in Sources */ = {isa = PBXBuildFile; fileRef = 200364F11CFE04A400A09CEA /* TimestampTests.swift */; };
		200364F61CFE0EEA00A09CEA /* Lexer.swift in Sources */ = {isa = PBXBuildFile; fileRef = 200364F51CFE0EEA00A09CEA /* Lexer.swift */; };
		200364F81CFE0EF800A09CEA /* Token.swift in Sources */ = {isa = PBXBuildFile; fileRef = 200364F71CFE0EF800A09CEA /* Token.swift */; };
		200364FA1CFE110700A09CEA /* String+Substring.swift in Sources */ = {isa = PBXBuildFile; fileRef = 200364F91CFE110600A09CEA /* String+Substring.swift */; };
		200780681C64AE4F0098B026 /* AppDelegate.swift in Sources */ = {isa = PBXBuildFile; fileRef = 200780671C64AE4F0098B026 /* AppDelegate.swift */; };
		2007806A1C64AE4F0098B026 /* ViewController.swift in Sources */ = {isa = PBXBuildFile; fileRef = 200780691C64AE4F0098B026 /* ViewController.swift */; };
		2007806C1C64AE4F0098B026 /* Assets.xcassets in Resources */ = {isa = PBXBuildFile; fileRef = 2007806B1C64AE4F0098B026 /* Assets.xcassets */; };
		2007806F1C64AE4F0098B026 /* Main.storyboard in Resources */ = {isa = PBXBuildFile; fileRef = 2007806D1C64AE4F0098B026 /* Main.storyboard */; };
		200780CB1C64F3BC0098B026 /* SubRipSubtitleFormat.swift in Sources */ = {isa = PBXBuildFile; fileRef = 200780CA1C64F3BC0098B026 /* SubRipSubtitleFormat.swift */; };
		200780CD1C64F3F90098B026 /* TMPlayerSubtitleFormatTests.swift in Sources */ = {isa = PBXBuildFile; fileRef = 200780CC1C64F3F90098B026 /* TMPlayerSubtitleFormatTests.swift */; };
		200C4B9E1C6601F800FBE406 /* MPL2SubtitleFormat.swift in Sources */ = {isa = PBXBuildFile; fileRef = 200C4B9D1C6601F800FBE406 /* MPL2SubtitleFormat.swift */; };
		200C4BA01C66089600FBE406 /* SubtitleFormat.swift in Sources */ = {isa = PBXBuildFile; fileRef = 200C4B9F1C66089600FBE406 /* SubtitleFormat.swift */; };
		200C4BA61C664C8100FBE406 /* MPL2SubtitleFormatTests.swift in Sources */ = {isa = PBXBuildFile; fileRef = 200C4BA41C6646B800FBE406 /* MPL2SubtitleFormatTests.swift */; };
		200C4BA81C66552500FBE406 /* TMPlayerSubtitleFormat.swift in Sources */ = {isa = PBXBuildFile; fileRef = 200C4BA71C66552500FBE406 /* TMPlayerSubtitleFormat.swift */; };
		200C4BAB1C66565700FBE406 /* SubRipSubtitleFormatTests.swift in Sources */ = {isa = PBXBuildFile; fileRef = 200C4BAA1C66565700FBE406 /* SubRipSubtitleFormatTests.swift */; };
		20176E931C6A502500574B5B /* Timestamp.swift in Sources */ = {isa = PBXBuildFile; fileRef = 20176E921C6A502500574B5B /* Timestamp.swift */; };
		201D62A91E3A70FF0010A7CA /* URLSession+DataTask.swift in Sources */ = {isa = PBXBuildFile; fileRef = 201D62A81E3A70FF0010A7CA /* URLSession+DataTask.swift */; };
		201ED1151E2A47AF006392F8 /* DirectoryScanner.swift in Sources */ = {isa = PBXBuildFile; fileRef = 201ED1141E2A47AF006392F8 /* DirectoryScanner.swift */; };
		202F3B311E6C2C1800BDB148 /* Collection+IsNotEmpty.swift in Sources */ = {isa = PBXBuildFile; fileRef = 202F3B301E6C2C1800BDB148 /* Collection+IsNotEmpty.swift */; };
		202F3B3E1E6C2F6000BDB148 /* SubtitleDownloader.swift in Sources */ = {isa = PBXBuildFile; fileRef = 202F3B3B1E6C2F6000BDB148 /* SubtitleDownloader.swift */; };
		202F3B3F1E6C2F6000BDB148 /* SubtitleDownloaderDelegate.swift in Sources */ = {isa = PBXBuildFile; fileRef = 202F3B3C1E6C2F6000BDB148 /* SubtitleDownloaderDelegate.swift */; };
		202F3B401E6C2F6000BDB148 /* SubtitleOperation.swift in Sources */ = {isa = PBXBuildFile; fileRef = 202F3B3D1E6C2F6000BDB148 /* SubtitleOperation.swift */; };
		202F8DE41E0301B800F225D8 /* Language.swift in Sources */ = {isa = PBXBuildFile; fileRef = 202F8DE31E0301B800F225D8 /* Language.swift */; };
		202F8DE61E0301FE00F225D8 /* LanguageTests.swift in Sources */ = {isa = PBXBuildFile; fileRef = 202F8DE51E0301FE00F225D8 /* LanguageTests.swift */; };
		203B126E1DEF55ED0036D52D /* URL+FileManagerOperations.swift in Sources */ = {isa = PBXBuildFile; fileRef = 203B126D1DEF55ED0036D52D /* URL+FileManagerOperations.swift */; };
		203B12701DEF56220036D52D /* Unziper.swift in Sources */ = {isa = PBXBuildFile; fileRef = 203B126F1DEF56220036D52D /* Unziper.swift */; };
		2049F3D91E755A490083547D /* StatusBarItemController.swift in Sources */ = {isa = PBXBuildFile; fileRef = 2049F3D81E755A490083547D /* StatusBarItemController.swift */; };
		2049F3DB1E755C580083547D /* Preferences.swift in Sources */ = {isa = PBXBuildFile; fileRef = 2049F3DA1E755C580083547D /* Preferences.swift */; };
		2049F3DD1E75615E0083547D /* MainWindowController.swift in Sources */ = {isa = PBXBuildFile; fileRef = 2049F3DC1E75615E0083547D /* MainWindowController.swift */; };
		204C2EE11E06AED300A8F58E /* SubtitleProvider.swift in Sources */ = {isa = PBXBuildFile; fileRef = 204C2EE01E06AED300A8F58E /* SubtitleProvider.swift */; };
		204C2EE41E06B07500A8F58E /* Napisy24.swift in Sources */ = {isa = PBXBuildFile; fileRef = 204C2EE31E06B07500A8F58E /* Napisy24.swift */; };
		204C2EE61E06B61200A8F58E /* SearchCriteria.swift in Sources */ = {isa = PBXBuildFile; fileRef = 204C2EE51E06B61200A8F58E /* SearchCriteria.swift */; };
		204CCC181E7071AD00A4F974 /* UserDefaults+RegisterDefaults.swift in Sources */ = {isa = PBXBuildFile; fileRef = 204CCC171E7071AD00A4F974 /* UserDefaults+RegisterDefaults.swift */; };
		204CCC1A1E7071E600A4F974 /* DefaultPreferences.plist in Resources */ = {isa = PBXBuildFile; fileRef = 204CCC191E7071E600A4F974 /* DefaultPreferences.plist */; };
		2056CA871E339E5D007BF13A /* ISO-639-NameMapping.plist in Resources */ = {isa = PBXBuildFile; fileRef = 2056CA861E339E5D007BF13A /* ISO-639-NameMapping.plist */; };
		2057DBAF1E0433C70049DC3A /* SubtitleEntity.swift in Sources */ = {isa = PBXBuildFile; fileRef = 2057DBAE1E0433C70049DC3A /* SubtitleEntity.swift */; };
		2057DBB11E0436C30049DC3A /* SubtitleEntityTests.swift in Sources */ = {isa = PBXBuildFile; fileRef = 2057DBB01E0436C30049DC3A /* SubtitleEntityTests.swift */; };
		208625CB1D4513A800B6DEF6 /* Int+Timestamp.swift in Sources */ = {isa = PBXBuildFile; fileRef = 208625CA1D4513A800B6DEF6 /* Int+Timestamp.swift */; };
		208BF2AD1D7316FC00111F4D /* String+MD5.swift in Sources */ = {isa = PBXBuildFile; fileRef = 208BF2AC1D7316FC00111F4D /* String+MD5.swift */; };
		208BF2AF1D73170700111F4D /* Data+MD5.swift in Sources */ = {isa = PBXBuildFile; fileRef = 208BF2AE1D73170700111F4D /* Data+MD5.swift */; };
		208C77881E6F427C00ED7394 /* FileInformation.swift in Sources */ = {isa = PBXBuildFile; fileRef = 208C77871E6F427C00ED7394 /* FileInformation.swift */; };
		20909F141D9C2631004622B0 /* Disctionary+HTTPBodyFormat.swift in Sources */ = {isa = PBXBuildFile; fileRef = 20909F131D9C2631004622B0 /* Disctionary+HTTPBodyFormat.swift */; };
		209451621E7726A8001861CE /* SupportedSubtitleProvider.swift in Sources */ = {isa = PBXBuildFile; fileRef = 209451611E7726A8001861CE /* SupportedSubtitleProvider.swift */; };
		209FA9671D2FE4FD00C54DCA /* TokenTests.swift in Sources */ = {isa = PBXBuildFile; fileRef = 209FA9661D2FE4FD00C54DCA /* TokenTests.swift */; };
		20A2C6B21E7075DF005131C8 /* DraggingDestinationView.swift in Sources */ = {isa = PBXBuildFile; fileRef = 20A2C6B11E7075DF005131C8 /* DraggingDestinationView.swift */; };
		20A6DF241E59DDE900895BF0 /* AsynchronousOperation.swift in Sources */ = {isa = PBXBuildFile; fileRef = 20A6DF231E59DDE900895BF0 /* AsynchronousOperation.swift */; };
		20A76D701D47D94F00BC031B /* Subtitle.swift in Sources */ = {isa = PBXBuildFile; fileRef = 20A76D6F1D47D94F00BC031B /* Subtitle.swift */; };
		20A8622A1D52257D007FEC7C /* SupportedSubtitleFormat.swift in Sources */ = {isa = PBXBuildFile; fileRef = 20A862291D52257D007FEC7C /* SupportedSubtitleFormat.swift */; };
		20A8622E1D522C4C007FEC7C /* SubtitleCheckingResult.swift in Sources */ = {isa = PBXBuildFile; fileRef = 20A8622D1D522C4C007FEC7C /* SubtitleCheckingResult.swift */; };
		20A862301D5246F1007FEC7C /* SubtitleConverter.swift in Sources */ = {isa = PBXBuildFile; fileRef = 20A8622F1D5246F1007FEC7C /* SubtitleConverter.swift */; };
		20A862321D5258BB007FEC7C /* SubtitleConverterTests.swift in Sources */ = {isa = PBXBuildFile; fileRef = 20A862311D5258BB007FEC7C /* SubtitleConverterTests.swift */; };
		20BEECEE1E05BDDC0018A5B7 /* NameMatcherTests.swift in Sources */ = {isa = PBXBuildFile; fileRef = 20BEECED1E05BDDC0018A5B7 /* NameMatcherTests.swift */; };
		20C394651E055E3600EB7D63 /* NameMatcher.swift in Sources */ = {isa = PBXBuildFile; fileRef = 20C394641E055E3600EB7D63 /* NameMatcher.swift */; };
		20C394671E05A33E00EB7D63 /* Date+Timestamp.swift in Sources */ = {isa = PBXBuildFile; fileRef = 20C394661E05A33E00EB7D63 /* Date+Timestamp.swift */; };
		20C989691D36A92C00B16DD2 /* LexerTests.swift in Sources */ = {isa = PBXBuildFile; fileRef = 209FA95F1D2FC04D00C54DCA /* LexerTests.swift */; };
		20C9896E1D36AB3100B16DD2 /* SubtitleTokenType.swift in Sources */ = {isa = PBXBuildFile; fileRef = 20F105C11D3114A2000E157F /* SubtitleTokenType.swift */; };
		20DF1F4C1E335673003A3491 /* OpenSubtitles.swift in Sources */ = {isa = PBXBuildFile; fileRef = 20DF1F4B1E335673003A3491 /* OpenSubtitles.swift */; };
		20DFA6691E2A5D0F0073ED45 /* NapiProjekt.swift in Sources */ = {isa = PBXBuildFile; fileRef = 20DFA6681E2A5D0F0073ED45 /* NapiProjekt.swift */; };
		20EF7CFC1C67B1C4005A17A7 /* MicroDVDSubtitleFormat.swift in Sources */ = {isa = PBXBuildFile; fileRef = 20EF7CFB1C67B1C4005A17A7 /* MicroDVDSubtitleFormat.swift */; };
		20EF7CFF1C67B280005A17A7 /* MicroDVDSubtitleFormatTests.swift in Sources */ = {isa = PBXBuildFile; fileRef = 20EF7CFE1C67B280005A17A7 /* MicroDVDSubtitleFormatTests.swift */; };
		20EFC2FA1E3A549100004CB1 /* XMLRPCDocument.swift in Sources */ = {isa = PBXBuildFile; fileRef = 20EFC2F91E3A549100004CB1 /* XMLRPCDocument.swift */; };
		20F5D23A1DFF025E00FA9BAC /* TemporaryDirectoryManager.swift in Sources */ = {isa = PBXBuildFile; fileRef = 20F5D2391DFF025E00FA9BAC /* TemporaryDirectoryManager.swift */; };
		20F5D23C1DFF062F00FA9BAC /* TemporaryDirectoryManagerTests.swift in Sources */ = {isa = PBXBuildFile; fileRef = 20F5D23B1DFF062F00FA9BAC /* TemporaryDirectoryManagerTests.swift */; };
		20F6FBD31C6E5211005A1C12 /* SubRipSubtitleFormatFile.txt in Resources */ = {isa = PBXBuildFile; fileRef = 20F6FBD21C6E5211005A1C12 /* SubRipSubtitleFormatFile.txt */; };
		20F6FBD51C6E527F005A1C12 /* MPL2SubtitleFormatFile.txt in Resources */ = {isa = PBXBuildFile; fileRef = 20F6FBD41C6E527F005A1C12 /* MPL2SubtitleFormatFile.txt */; };
		20F6FBD71C6E52CE005A1C12 /* TMPlayerSubtitleFormatFile.txt in Resources */ = {isa = PBXBuildFile; fileRef = 20F6FBD61C6E52CE005A1C12 /* TMPlayerSubtitleFormatFile.txt */; };
		20F6FBD91C6E5306005A1C12 /* MicroDVDSubtitleFormatFile.txt in Resources */ = {isa = PBXBuildFile; fileRef = 20F6FBD81C6E5306005A1C12 /* MicroDVDSubtitleFormatFile.txt */; };
/* End PBXBuildFile section */

/* Begin PBXContainerItemProxy section */
		200780761C64AE4F0098B026 /* PBXContainerItemProxy */ = {
			isa = PBXContainerItemProxy;
			containerPortal = 2007805C1C64AE4F0098B026 /* Project object */;
			proxyType = 1;
			remoteGlobalIDString = 200780631C64AE4F0098B026;
			remoteInfo = Napi;
		};
/* End PBXContainerItemProxy section */

/* Begin PBXCopyFilesBuildPhase section */
		202C930C1DDCD23A0083658E /* Embed Frameworks */ = {
			isa = PBXCopyFilesBuildPhase;
			buildActionMask = 2147483647;
			dstPath = "";
			dstSubfolderSpec = 10;
			files = (
			);
			name = "Embed Frameworks";
			runOnlyForDeploymentPostprocessing = 0;
		};
/* End PBXCopyFilesBuildPhase section */

/* Begin PBXFileReference section */
		200364F11CFE04A400A09CEA /* TimestampTests.swift */ = {isa = PBXFileReference; fileEncoding = 4; lastKnownFileType = sourcecode.swift; lineEnding = 0; path = TimestampTests.swift; sourceTree = "<group>"; xcLanguageSpecificationIdentifier = xcode.lang.swift; };
		200364F51CFE0EEA00A09CEA /* Lexer.swift */ = {isa = PBXFileReference; fileEncoding = 4; lastKnownFileType = sourcecode.swift; path = Lexer.swift; sourceTree = "<group>"; };
		200364F71CFE0EF800A09CEA /* Token.swift */ = {isa = PBXFileReference; fileEncoding = 4; lastKnownFileType = sourcecode.swift; path = Token.swift; sourceTree = "<group>"; };
		200364F91CFE110600A09CEA /* String+Substring.swift */ = {isa = PBXFileReference; fileEncoding = 4; lastKnownFileType = sourcecode.swift; path = "String+Substring.swift"; sourceTree = "<group>"; };
		200780641C64AE4F0098B026 /* Napi.app */ = {isa = PBXFileReference; explicitFileType = wrapper.application; includeInIndex = 0; path = Napi.app; sourceTree = BUILT_PRODUCTS_DIR; };
		200780671C64AE4F0098B026 /* AppDelegate.swift */ = {isa = PBXFileReference; lastKnownFileType = sourcecode.swift; path = AppDelegate.swift; sourceTree = "<group>"; };
		200780691C64AE4F0098B026 /* ViewController.swift */ = {isa = PBXFileReference; lastKnownFileType = sourcecode.swift; path = ViewController.swift; sourceTree = "<group>"; };
		2007806B1C64AE4F0098B026 /* Assets.xcassets */ = {isa = PBXFileReference; lastKnownFileType = folder.assetcatalog; path = Assets.xcassets; sourceTree = "<group>"; };
		2007806E1C64AE4F0098B026 /* Base */ = {isa = PBXFileReference; lastKnownFileType = file.storyboard; name = Base; path = Base.lproj/Main.storyboard; sourceTree = "<group>"; };
		200780701C64AE4F0098B026 /* Info.plist */ = {isa = PBXFileReference; lastKnownFileType = text.plist.xml; path = Info.plist; sourceTree = "<group>"; };
		200780751C64AE4F0098B026 /* NapiTests.xctest */ = {isa = PBXFileReference; explicitFileType = wrapper.cfbundle; includeInIndex = 0; path = NapiTests.xctest; sourceTree = BUILT_PRODUCTS_DIR; };
		2007807B1C64AE4F0098B026 /* Info.plist */ = {isa = PBXFileReference; lastKnownFileType = text.plist.xml; path = Info.plist; sourceTree = "<group>"; };
		200780CA1C64F3BC0098B026 /* SubRipSubtitleFormat.swift */ = {isa = PBXFileReference; fileEncoding = 4; lastKnownFileType = sourcecode.swift; lineEnding = 0; path = SubRipSubtitleFormat.swift; sourceTree = "<group>"; xcLanguageSpecificationIdentifier = xcode.lang.swift; };
		200780CC1C64F3F90098B026 /* TMPlayerSubtitleFormatTests.swift */ = {isa = PBXFileReference; fileEncoding = 4; lastKnownFileType = sourcecode.swift; path = TMPlayerSubtitleFormatTests.swift; sourceTree = "<group>"; };
		200C4B9D1C6601F800FBE406 /* MPL2SubtitleFormat.swift */ = {isa = PBXFileReference; fileEncoding = 4; lastKnownFileType = sourcecode.swift; path = MPL2SubtitleFormat.swift; sourceTree = "<group>"; };
		200C4B9F1C66089600FBE406 /* SubtitleFormat.swift */ = {isa = PBXFileReference; fileEncoding = 4; lastKnownFileType = sourcecode.swift; path = SubtitleFormat.swift; sourceTree = "<group>"; };
		200C4BA41C6646B800FBE406 /* MPL2SubtitleFormatTests.swift */ = {isa = PBXFileReference; fileEncoding = 4; lastKnownFileType = sourcecode.swift; path = MPL2SubtitleFormatTests.swift; sourceTree = "<group>"; };
		200C4BA71C66552500FBE406 /* TMPlayerSubtitleFormat.swift */ = {isa = PBXFileReference; fileEncoding = 4; lastKnownFileType = sourcecode.swift; path = TMPlayerSubtitleFormat.swift; sourceTree = "<group>"; };
		200C4BAA1C66565700FBE406 /* SubRipSubtitleFormatTests.swift */ = {isa = PBXFileReference; fileEncoding = 4; lastKnownFileType = sourcecode.swift; path = SubRipSubtitleFormatTests.swift; sourceTree = "<group>"; };
		20176E921C6A502500574B5B /* Timestamp.swift */ = {isa = PBXFileReference; fileEncoding = 4; lastKnownFileType = sourcecode.swift; lineEnding = 0; path = Timestamp.swift; sourceTree = "<group>"; xcLanguageSpecificationIdentifier = xcode.lang.swift; };
		201D62A81E3A70FF0010A7CA /* URLSession+DataTask.swift */ = {isa = PBXFileReference; fileEncoding = 4; lastKnownFileType = sourcecode.swift; path = "URLSession+DataTask.swift"; sourceTree = "<group>"; };
		201ED1141E2A47AF006392F8 /* DirectoryScanner.swift */ = {isa = PBXFileReference; fileEncoding = 4; lastKnownFileType = sourcecode.swift; path = DirectoryScanner.swift; sourceTree = "<group>"; };
		202F3B301E6C2C1800BDB148 /* Collection+IsNotEmpty.swift */ = {isa = PBXFileReference; fileEncoding = 4; lastKnownFileType = sourcecode.swift; path = "Collection+IsNotEmpty.swift"; sourceTree = "<group>"; };
		202F3B3B1E6C2F6000BDB148 /* SubtitleDownloader.swift */ = {isa = PBXFileReference; fileEncoding = 4; lastKnownFileType = sourcecode.swift; path = SubtitleDownloader.swift; sourceTree = "<group>"; };
		202F3B3C1E6C2F6000BDB148 /* SubtitleDownloaderDelegate.swift */ = {isa = PBXFileReference; fileEncoding = 4; lastKnownFileType = sourcecode.swift; path = SubtitleDownloaderDelegate.swift; sourceTree = "<group>"; };
		202F3B3D1E6C2F6000BDB148 /* SubtitleOperation.swift */ = {isa = PBXFileReference; fileEncoding = 4; lastKnownFileType = sourcecode.swift; path = SubtitleOperation.swift; sourceTree = "<group>"; };
		202F8DE31E0301B800F225D8 /* Language.swift */ = {isa = PBXFileReference; fileEncoding = 4; lastKnownFileType = sourcecode.swift; path = Language.swift; sourceTree = "<group>"; };
		202F8DE51E0301FE00F225D8 /* LanguageTests.swift */ = {isa = PBXFileReference; fileEncoding = 4; lastKnownFileType = sourcecode.swift; path = LanguageTests.swift; sourceTree = "<group>"; };
		203B126D1DEF55ED0036D52D /* URL+FileManagerOperations.swift */ = {isa = PBXFileReference; fileEncoding = 4; lastKnownFileType = sourcecode.swift; path = "URL+FileManagerOperations.swift"; sourceTree = "<group>"; };
		203B126F1DEF56220036D52D /* Unziper.swift */ = {isa = PBXFileReference; fileEncoding = 4; lastKnownFileType = sourcecode.swift; path = Unziper.swift; sourceTree = "<group>"; };
		2049F3D81E755A490083547D /* StatusBarItemController.swift */ = {isa = PBXFileReference; fileEncoding = 4; lastKnownFileType = sourcecode.swift; path = StatusBarItemController.swift; sourceTree = "<group>"; };
		2049F3DA1E755C580083547D /* Preferences.swift */ = {isa = PBXFileReference; fileEncoding = 4; lastKnownFileType = sourcecode.swift; path = Preferences.swift; sourceTree = "<group>"; };
		2049F3DC1E75615E0083547D /* MainWindowController.swift */ = {isa = PBXFileReference; fileEncoding = 4; lastKnownFileType = sourcecode.swift; path = MainWindowController.swift; sourceTree = "<group>"; };
		204C2EE01E06AED300A8F58E /* SubtitleProvider.swift */ = {isa = PBXFileReference; fileEncoding = 4; lastKnownFileType = sourcecode.swift; path = SubtitleProvider.swift; sourceTree = "<group>"; };
		204C2EE31E06B07500A8F58E /* Napisy24.swift */ = {isa = PBXFileReference; fileEncoding = 4; lastKnownFileType = sourcecode.swift; path = Napisy24.swift; sourceTree = "<group>"; };
		204C2EE51E06B61200A8F58E /* SearchCriteria.swift */ = {isa = PBXFileReference; fileEncoding = 4; lastKnownFileType = sourcecode.swift; path = SearchCriteria.swift; sourceTree = "<group>"; };
		204CCC171E7071AD00A4F974 /* UserDefaults+RegisterDefaults.swift */ = {isa = PBXFileReference; fileEncoding = 4; lastKnownFileType = sourcecode.swift; path = "UserDefaults+RegisterDefaults.swift"; sourceTree = "<group>"; };
		204CCC191E7071E600A4F974 /* DefaultPreferences.plist */ = {isa = PBXFileReference; fileEncoding = 4; lastKnownFileType = text.plist.xml; path = DefaultPreferences.plist; sourceTree = "<group>"; };
		2056CA861E339E5D007BF13A /* ISO-639-NameMapping.plist */ = {isa = PBXFileReference; fileEncoding = 4; lastKnownFileType = text.plist.xml; path = "ISO-639-NameMapping.plist"; sourceTree = "<group>"; };
		2057DBAE1E0433C70049DC3A /* SubtitleEntity.swift */ = {isa = PBXFileReference; fileEncoding = 4; lastKnownFileType = sourcecode.swift; path = SubtitleEntity.swift; sourceTree = "<group>"; };
		2057DBB01E0436C30049DC3A /* SubtitleEntityTests.swift */ = {isa = PBXFileReference; fileEncoding = 4; lastKnownFileType = sourcecode.swift; path = SubtitleEntityTests.swift; sourceTree = "<group>"; };
		208625CA1D4513A800B6DEF6 /* Int+Timestamp.swift */ = {isa = PBXFileReference; fileEncoding = 4; lastKnownFileType = sourcecode.swift; lineEnding = 0; path = "Int+Timestamp.swift"; sourceTree = "<group>"; xcLanguageSpecificationIdentifier = xcode.lang.swift; };
		208BF2A91D73073500111F4D /* Napi-Bridging-Header.h */ = {isa = PBXFileReference; lastKnownFileType = sourcecode.c.h; path = "Napi-Bridging-Header.h"; sourceTree = "<group>"; };
		208BF2AC1D7316FC00111F4D /* String+MD5.swift */ = {isa = PBXFileReference; fileEncoding = 4; lastKnownFileType = sourcecode.swift; path = "String+MD5.swift"; sourceTree = "<group>"; };
		208BF2AE1D73170700111F4D /* Data+MD5.swift */ = {isa = PBXFileReference; fileEncoding = 4; lastKnownFileType = sourcecode.swift; path = "Data+MD5.swift"; sourceTree = "<group>"; };
		208C77871E6F427C00ED7394 /* FileInformation.swift */ = {isa = PBXFileReference; fileEncoding = 4; lastKnownFileType = sourcecode.swift; path = FileInformation.swift; sourceTree = "<group>"; };
		20909F131D9C2631004622B0 /* Disctionary+HTTPBodyFormat.swift */ = {isa = PBXFileReference; fileEncoding = 4; lastKnownFileType = sourcecode.swift; path = "Disctionary+HTTPBodyFormat.swift"; sourceTree = "<group>"; };
		209451611E7726A8001861CE /* SupportedSubtitleProvider.swift */ = {isa = PBXFileReference; fileEncoding = 4; lastKnownFileType = sourcecode.swift; path = SupportedSubtitleProvider.swift; sourceTree = "<group>"; };
		209FA95F1D2FC04D00C54DCA /* LexerTests.swift */ = {isa = PBXFileReference; fileEncoding = 4; lastKnownFileType = sourcecode.swift; path = LexerTests.swift; sourceTree = "<group>"; };
		209FA9661D2FE4FD00C54DCA /* TokenTests.swift */ = {isa = PBXFileReference; fileEncoding = 4; lastKnownFileType = sourcecode.swift; path = TokenTests.swift; sourceTree = "<group>"; };
		20A2C6B11E7075DF005131C8 /* DraggingDestinationView.swift */ = {isa = PBXFileReference; fileEncoding = 4; lastKnownFileType = sourcecode.swift; path = DraggingDestinationView.swift; sourceTree = "<group>"; };
		20A6DF231E59DDE900895BF0 /* AsynchronousOperation.swift */ = {isa = PBXFileReference; fileEncoding = 4; lastKnownFileType = sourcecode.swift; path = AsynchronousOperation.swift; sourceTree = "<group>"; };
		20A76D6F1D47D94F00BC031B /* Subtitle.swift */ = {isa = PBXFileReference; fileEncoding = 4; lastKnownFileType = sourcecode.swift; path = Subtitle.swift; sourceTree = "<group>"; };
		20A862291D52257D007FEC7C /* SupportedSubtitleFormat.swift */ = {isa = PBXFileReference; fileEncoding = 4; lastKnownFileType = sourcecode.swift; path = SupportedSubtitleFormat.swift; sourceTree = "<group>"; };
		20A8622D1D522C4C007FEC7C /* SubtitleCheckingResult.swift */ = {isa = PBXFileReference; fileEncoding = 4; lastKnownFileType = sourcecode.swift; path = SubtitleCheckingResult.swift; sourceTree = "<group>"; };
		20A8622F1D5246F1007FEC7C /* SubtitleConverter.swift */ = {isa = PBXFileReference; fileEncoding = 4; lastKnownFileType = sourcecode.swift; path = SubtitleConverter.swift; sourceTree = "<group>"; };
		20A862311D5258BB007FEC7C /* SubtitleConverterTests.swift */ = {isa = PBXFileReference; fileEncoding = 4; lastKnownFileType = sourcecode.swift; path = SubtitleConverterTests.swift; sourceTree = "<group>"; };
		20BEECED1E05BDDC0018A5B7 /* NameMatcherTests.swift */ = {isa = PBXFileReference; fileEncoding = 4; lastKnownFileType = sourcecode.swift; path = NameMatcherTests.swift; sourceTree = "<group>"; };
		20C394641E055E3600EB7D63 /* NameMatcher.swift */ = {isa = PBXFileReference; fileEncoding = 4; lastKnownFileType = sourcecode.swift; path = NameMatcher.swift; sourceTree = "<group>"; };
		20C394661E05A33E00EB7D63 /* Date+Timestamp.swift */ = {isa = PBXFileReference; fileEncoding = 4; lastKnownFileType = sourcecode.swift; path = "Date+Timestamp.swift"; sourceTree = "<group>"; };
		20DF1F4B1E335673003A3491 /* OpenSubtitles.swift */ = {isa = PBXFileReference; fileEncoding = 4; lastKnownFileType = sourcecode.swift; path = OpenSubtitles.swift; sourceTree = "<group>"; };
		20DFA6681E2A5D0F0073ED45 /* NapiProjekt.swift */ = {isa = PBXFileReference; fileEncoding = 4; lastKnownFileType = sourcecode.swift; path = NapiProjekt.swift; sourceTree = "<group>"; };
		20EF7CFB1C67B1C4005A17A7 /* MicroDVDSubtitleFormat.swift */ = {isa = PBXFileReference; fileEncoding = 4; lastKnownFileType = sourcecode.swift; lineEnding = 0; path = MicroDVDSubtitleFormat.swift; sourceTree = "<group>"; xcLanguageSpecificationIdentifier = xcode.lang.swift; };
		20EF7CFE1C67B280005A17A7 /* MicroDVDSubtitleFormatTests.swift */ = {isa = PBXFileReference; fileEncoding = 4; lastKnownFileType = sourcecode.swift; lineEnding = 0; path = MicroDVDSubtitleFormatTests.swift; sourceTree = "<group>"; xcLanguageSpecificationIdentifier = xcode.lang.swift; };
		20EFC2F91E3A549100004CB1 /* XMLRPCDocument.swift */ = {isa = PBXFileReference; fileEncoding = 4; lastKnownFileType = sourcecode.swift; path = XMLRPCDocument.swift; sourceTree = "<group>"; };
		20F105C11D3114A2000E157F /* SubtitleTokenType.swift */ = {isa = PBXFileReference; fileEncoding = 4; lastKnownFileType = sourcecode.swift; path = SubtitleTokenType.swift; sourceTree = "<group>"; };
		20F5D2391DFF025E00FA9BAC /* TemporaryDirectoryManager.swift */ = {isa = PBXFileReference; fileEncoding = 4; lastKnownFileType = sourcecode.swift; path = TemporaryDirectoryManager.swift; sourceTree = "<group>"; };
		20F5D23B1DFF062F00FA9BAC /* TemporaryDirectoryManagerTests.swift */ = {isa = PBXFileReference; fileEncoding = 4; lastKnownFileType = sourcecode.swift; path = TemporaryDirectoryManagerTests.swift; sourceTree = "<group>"; };
		20F6FBD21C6E5211005A1C12 /* SubRipSubtitleFormatFile.txt */ = {isa = PBXFileReference; fileEncoding = 4; lastKnownFileType = text; path = SubRipSubtitleFormatFile.txt; sourceTree = "<group>"; };
		20F6FBD41C6E527F005A1C12 /* MPL2SubtitleFormatFile.txt */ = {isa = PBXFileReference; fileEncoding = 4; lastKnownFileType = text; path = MPL2SubtitleFormatFile.txt; sourceTree = "<group>"; };
		20F6FBD61C6E52CE005A1C12 /* TMPlayerSubtitleFormatFile.txt */ = {isa = PBXFileReference; fileEncoding = 4; lastKnownFileType = text; path = TMPlayerSubtitleFormatFile.txt; sourceTree = "<group>"; };
		20F6FBD81C6E5306005A1C12 /* MicroDVDSubtitleFormatFile.txt */ = {isa = PBXFileReference; fileEncoding = 4; lastKnownFileType = text; path = MicroDVDSubtitleFormatFile.txt; sourceTree = "<group>"; };
/* End PBXFileReference section */

/* Begin PBXFrameworksBuildPhase section */
		200780611C64AE4F0098B026 /* Frameworks */ = {
			isa = PBXFrameworksBuildPhase;
			buildActionMask = 2147483647;
			files = (
			);
			runOnlyForDeploymentPostprocessing = 0;
		};
		200780721C64AE4F0098B026 /* Frameworks */ = {
			isa = PBXFrameworksBuildPhase;
			buildActionMask = 2147483647;
			files = (
			);
			runOnlyForDeploymentPostprocessing = 0;
		};
/* End PBXFrameworksBuildPhase section */

/* Begin PBXGroup section */
		200364F41CFE0D4B00A09CEA /* Supported Subtitle Formats */ = {
			isa = PBXGroup;
			children = (
				200C4B9D1C6601F800FBE406 /* MPL2SubtitleFormat.swift */,
				20EF7CFB1C67B1C4005A17A7 /* MicroDVDSubtitleFormat.swift */,
				200780CA1C64F3BC0098B026 /* SubRipSubtitleFormat.swift */,
				200C4BA71C66552500FBE406 /* TMPlayerSubtitleFormat.swift */,
			);
			path = "Supported Subtitle Formats";
			sourceTree = "<group>";
		};
		2007805B1C64AE4F0098B026 = {
			isa = PBXGroup;
			children = (
				200780661C64AE4F0098B026 /* Napi */,
				200780781C64AE4F0098B026 /* NapiTests */,
				200780651C64AE4F0098B026 /* Products */,
			);
			sourceTree = "<group>";
		};
		200780651C64AE4F0098B026 /* Products */ = {
			isa = PBXGroup;
			children = (
				200780641C64AE4F0098B026 /* Napi.app */,
				200780751C64AE4F0098B026 /* NapiTests.xctest */,
			);
			name = Products;
			sourceTree = "<group>";
		};
		200780661C64AE4F0098B026 /* Napi */ = {
			isa = PBXGroup;
			children = (
				200780C61C64B2410098B026 /* Models */,
				200780851C64AE880098B026 /* Supporting Files */,
				200780841C64AE800098B026 /* Views */,
				200780671C64AE4F0098B026 /* AppDelegate.swift */,
				200780691C64AE4F0098B026 /* ViewController.swift */,
			);
			path = Napi;
			sourceTree = "<group>";
		};
		200780781C64AE4F0098B026 /* NapiTests */ = {
			isa = PBXGroup;
			children = (
				20F6FBD11C6E51B1005A1C12 /* Resources */,
				206F86FD1D30066000C1585E /* Subtitle Formats */,
				2007807B1C64AE4F0098B026 /* Info.plist */,
				202F8DE51E0301FE00F225D8 /* LanguageTests.swift */,
				209FA95F1D2FC04D00C54DCA /* LexerTests.swift */,
				20BEECED1E05BDDC0018A5B7 /* NameMatcherTests.swift */,
				20A862311D5258BB007FEC7C /* SubtitleConverterTests.swift */,
				2057DBB01E0436C30049DC3A /* SubtitleEntityTests.swift */,
				20F5D23B1DFF062F00FA9BAC /* TemporaryDirectoryManagerTests.swift */,
				200364F11CFE04A400A09CEA /* TimestampTests.swift */,
				209FA9661D2FE4FD00C54DCA /* TokenTests.swift */,
			);
			path = NapiTests;
			sourceTree = "<group>";
		};
		200780841C64AE800098B026 /* Views */ = {
			isa = PBXGroup;
			children = (
				20A2C6B11E7075DF005131C8 /* DraggingDestinationView.swift */,
				2007806D1C64AE4F0098B026 /* Main.storyboard */,
				2049F3DC1E75615E0083547D /* MainWindowController.swift */,
				2049F3D81E755A490083547D /* StatusBarItemController.swift */,
			);
			path = Views;
			sourceTree = "<group>";
		};
		200780851C64AE880098B026 /* Supporting Files */ = {
			isa = PBXGroup;
			children = (
				2007806B1C64AE4F0098B026 /* Assets.xcassets */,
				204CCC191E7071E600A4F974 /* DefaultPreferences.plist */,
				2056CA861E339E5D007BF13A /* ISO-639-NameMapping.plist */,
				200780701C64AE4F0098B026 /* Info.plist */,
				208BF2A91D73073500111F4D /* Napi-Bridging-Header.h */,
			);
			path = "Supporting Files";
			sourceTree = "<group>";
		};
		200780C61C64B2410098B026 /* Models */ = {
			isa = PBXGroup;
			children = (
				20F105C71D327501000E157F /* Extensions */,
				20A8622B1D5226BA007FEC7C /* Lexer */,
				20A8622C1D5226C1007FEC7C /* Subtitle */,
				202F3B341E6C2E7F00BDB148 /* Subtitle Downloader */,
				200780C91C64F2C80098B026 /* Subtitle Format */,
				204C2EDF1E06AEBB00A8F58E /* Subtitle Provider */,
				20A6DF231E59DDE900895BF0 /* AsynchronousOperation.swift */,
				201ED1141E2A47AF006392F8 /* DirectoryScanner.swift */,
				208C77871E6F427C00ED7394 /* FileInformation.swift */,
				202F8DE31E0301B800F225D8 /* Language.swift */,
				20C394641E055E3600EB7D63 /* NameMatcher.swift */,
				2049F3DA1E755C580083547D /* Preferences.swift */,
				20F5D2391DFF025E00FA9BAC /* TemporaryDirectoryManager.swift */,
				203B126F1DEF56220036D52D /* Unziper.swift */,
				20EFC2F91E3A549100004CB1 /* XMLRPCDocument.swift */,
			);
			path = Models;
			sourceTree = "<group>";
		};
		200780C91C64F2C80098B026 /* Subtitle Format */ = {
			isa = PBXGroup;
			children = (
				200364F41CFE0D4B00A09CEA /* Supported Subtitle Formats */,
				20A8622D1D522C4C007FEC7C /* SubtitleCheckingResult.swift */,
				200C4B9F1C66089600FBE406 /* SubtitleFormat.swift */,
				20A862291D52257D007FEC7C /* SupportedSubtitleFormat.swift */,
			);
			path = "Subtitle Format";
			sourceTree = "<group>";
		};
		202F3B341E6C2E7F00BDB148 /* Subtitle Downloader */ = {
			isa = PBXGroup;
			children = (
				202F3B3B1E6C2F6000BDB148 /* SubtitleDownloader.swift */,
				202F3B3C1E6C2F6000BDB148 /* SubtitleDownloaderDelegate.swift */,
				202F3B3D1E6C2F6000BDB148 /* SubtitleOperation.swift */,
			);
			path = "Subtitle Downloader";
			sourceTree = "<group>";
		};
		204C2EDF1E06AEBB00A8F58E /* Subtitle Provider */ = {
			isa = PBXGroup;
			children = (
				204C2EE21E06B06300A8F58E /* Supported Subtitle Providers */,
				204C2EE51E06B61200A8F58E /* SearchCriteria.swift */,
				2057DBAE1E0433C70049DC3A /* SubtitleEntity.swift */,
				204C2EE01E06AED300A8F58E /* SubtitleProvider.swift */,
				209451611E7726A8001861CE /* SupportedSubtitleProvider.swift */,
			);
			path = "Subtitle Provider";
			sourceTree = "<group>";
		};
		204C2EE21E06B06300A8F58E /* Supported Subtitle Providers */ = {
			isa = PBXGroup;
			children = (
				20DFA6681E2A5D0F0073ED45 /* NapiProjekt.swift */,
				204C2EE31E06B07500A8F58E /* Napisy24.swift */,
				20DF1F4B1E335673003A3491 /* OpenSubtitles.swift */,
			);
			path = "Supported Subtitle Providers";
			sourceTree = "<group>";
		};
		206F86FD1D30066000C1585E /* Subtitle Formats */ = {
			isa = PBXGroup;
			children = (
				200C4BA41C6646B800FBE406 /* MPL2SubtitleFormatTests.swift */,
				20EF7CFE1C67B280005A17A7 /* MicroDVDSubtitleFormatTests.swift */,
				200C4BAA1C66565700FBE406 /* SubRipSubtitleFormatTests.swift */,
				200780CC1C64F3F90098B026 /* TMPlayerSubtitleFormatTests.swift */,
			);
			path = "Subtitle Formats";
			sourceTree = "<group>";
		};
		20A8622B1D5226BA007FEC7C /* Lexer */ = {
			isa = PBXGroup;
			children = (
				200364F51CFE0EEA00A09CEA /* Lexer.swift */,
				20F105C11D3114A2000E157F /* SubtitleTokenType.swift */,
				200364F71CFE0EF800A09CEA /* Token.swift */,
			);
			path = Lexer;
			sourceTree = "<group>";
		};
		20A8622C1D5226C1007FEC7C /* Subtitle */ = {
			isa = PBXGroup;
			children = (
				20A76D6F1D47D94F00BC031B /* Subtitle.swift */,
				20A8622F1D5246F1007FEC7C /* SubtitleConverter.swift */,
				20176E921C6A502500574B5B /* Timestamp.swift */,
			);
			path = Subtitle;
			sourceTree = "<group>";
		};
		20F105C71D327501000E157F /* Extensions */ = {
			isa = PBXGroup;
			children = (
				202F3B301E6C2C1800BDB148 /* Collection+IsNotEmpty.swift */,
				208BF2AE1D73170700111F4D /* Data+MD5.swift */,
				20C394661E05A33E00EB7D63 /* Date+Timestamp.swift */,
				20909F131D9C2631004622B0 /* Disctionary+HTTPBodyFormat.swift */,
				208625CA1D4513A800B6DEF6 /* Int+Timestamp.swift */,
				208BF2AC1D7316FC00111F4D /* String+MD5.swift */,
				200364F91CFE110600A09CEA /* String+Substring.swift */,
				203B126D1DEF55ED0036D52D /* URL+FileManagerOperations.swift */,
				201D62A81E3A70FF0010A7CA /* URLSession+DataTask.swift */,
				204CCC171E7071AD00A4F974 /* UserDefaults+RegisterDefaults.swift */,
			);
			path = Extensions;
			sourceTree = "<group>";
		};
		20F6FBD11C6E51B1005A1C12 /* Resources */ = {
			isa = PBXGroup;
			children = (
				20F6FBD41C6E527F005A1C12 /* MPL2SubtitleFormatFile.txt */,
				20F6FBD81C6E5306005A1C12 /* MicroDVDSubtitleFormatFile.txt */,
				20F6FBD21C6E5211005A1C12 /* SubRipSubtitleFormatFile.txt */,
				20F6FBD61C6E52CE005A1C12 /* TMPlayerSubtitleFormatFile.txt */,
			);
			path = Resources;
			sourceTree = "<group>";
		};
/* End PBXGroup section */

/* Begin PBXNativeTarget section */
		200780631C64AE4F0098B026 /* Napi */ = {
			isa = PBXNativeTarget;
			buildConfigurationList = 2007807E1C64AE4F0098B026 /* Build configuration list for PBXNativeTarget "Napi" */;
			buildPhases = (
				200780601C64AE4F0098B026 /* Sources */,
				200780611C64AE4F0098B026 /* Frameworks */,
				200780621C64AE4F0098B026 /* Resources */,
				202C930C1DDCD23A0083658E /* Embed Frameworks */,
				2027E6B11E5F5713002C17EA /* ShellScript */,
			);
			buildRules = (
			);
			dependencies = (
			);
			name = Napi;
			productName = Napi;
			productReference = 200780641C64AE4F0098B026 /* Napi.app */;
			productType = "com.apple.product-type.application";
		};
		200780741C64AE4F0098B026 /* NapiTests */ = {
			isa = PBXNativeTarget;
			buildConfigurationList = 200780811C64AE4F0098B026 /* Build configuration list for PBXNativeTarget "NapiTests" */;
			buildPhases = (
				200780711C64AE4F0098B026 /* Sources */,
				200780721C64AE4F0098B026 /* Frameworks */,
				200780731C64AE4F0098B026 /* Resources */,
			);
			buildRules = (
			);
			dependencies = (
				200780771C64AE4F0098B026 /* PBXTargetDependency */,
			);
			name = NapiTests;
			productName = NapiTests;
			productReference = 200780751C64AE4F0098B026 /* NapiTests.xctest */;
			productType = "com.apple.product-type.bundle.unit-test";
		};
/* End PBXNativeTarget section */

/* Begin PBXProject section */
		2007805C1C64AE4F0098B026 /* Project object */ = {
			isa = PBXProject;
			attributes = {
				LastSwiftUpdateCheck = 0720;
				LastUpgradeCheck = 0820;
				ORGANIZATIONNAME = "Mateusz Karwat";
				TargetAttributes = {
					200780631C64AE4F0098B026 = {
						CreatedOnToolsVersion = 7.2.1;
						LastSwiftMigration = 0800;
					};
					200780741C64AE4F0098B026 = {
						CreatedOnToolsVersion = 7.2.1;
						LastSwiftMigration = 0800;
						TestTargetID = 200780631C64AE4F0098B026;
					};
				};
			};
			buildConfigurationList = 2007805F1C64AE4F0098B026 /* Build configuration list for PBXProject "Napi" */;
			compatibilityVersion = "Xcode 3.2";
			developmentRegion = English;
			hasScannedForEncodings = 0;
			knownRegions = (
				en,
				Base,
			);
			mainGroup = 2007805B1C64AE4F0098B026;
			productRefGroup = 200780651C64AE4F0098B026 /* Products */;
			projectDirPath = "";
			projectRoot = "";
			targets = (
				200780631C64AE4F0098B026 /* Napi */,
				200780741C64AE4F0098B026 /* NapiTests */,
			);
		};
/* End PBXProject section */

/* Begin PBXResourcesBuildPhase section */
		200780621C64AE4F0098B026 /* Resources */ = {
			isa = PBXResourcesBuildPhase;
			buildActionMask = 2147483647;
			files = (
				2007806C1C64AE4F0098B026 /* Assets.xcassets in Resources */,
				204CCC1A1E7071E600A4F974 /* DefaultPreferences.plist in Resources */,
				2007806F1C64AE4F0098B026 /* Main.storyboard in Resources */,
				2056CA871E339E5D007BF13A /* ISO-639-NameMapping.plist in Resources */,
			);
			runOnlyForDeploymentPostprocessing = 0;
		};
		200780731C64AE4F0098B026 /* Resources */ = {
			isa = PBXResourcesBuildPhase;
			buildActionMask = 2147483647;
			files = (
				20F6FBD91C6E5306005A1C12 /* MicroDVDSubtitleFormatFile.txt in Resources */,
				20F6FBD51C6E527F005A1C12 /* MPL2SubtitleFormatFile.txt in Resources */,
				20F6FBD71C6E52CE005A1C12 /* TMPlayerSubtitleFormatFile.txt in Resources */,
				20F6FBD31C6E5211005A1C12 /* SubRipSubtitleFormatFile.txt in Resources */,
			);
			runOnlyForDeploymentPostprocessing = 0;
		};
/* End PBXResourcesBuildPhase section */

/* Begin PBXShellScriptBuildPhase section */
		2027E6B11E5F5713002C17EA /* ShellScript */ = {
			isa = PBXShellScriptBuildPhase;
			buildActionMask = 2147483647;
			files = (
			);
			inputPaths = (
			);
			outputPaths = (
			);
			runOnlyForDeploymentPostprocessing = 0;
			shellPath = /bin/sh;
			shellScript = "TAGS=\"TODO:|FIXME:\"\necho \"searching ${SRCROOT} for ${TAGS}\"\nfind \"${SRCROOT}\" \\( -name \"*.swift\" \\) -print0 \\\n    | xargs -0 egrep --with-filename --line-number --only-matching \"($TAGS).*\\$\" \\\n    | perl -p -e \"s/($TAGS)/ warning: \\$1/\"";
		};
/* End PBXShellScriptBuildPhase section */

/* Begin PBXSourcesBuildPhase section */
		200780601C64AE4F0098B026 /* Sources */ = {
			isa = PBXSourcesBuildPhase;
			buildActionMask = 2147483647;
			files = (
				2007806A1C64AE4F0098B026 /* ViewController.swift in Sources */,
				20A2C6B21E7075DF005131C8 /* DraggingDestinationView.swift in Sources */,
				20F5D23A1DFF025E00FA9BAC /* TemporaryDirectoryManager.swift in Sources */,
				200780681C64AE4F0098B026 /* AppDelegate.swift in Sources */,
				204C2EE41E06B07500A8F58E /* Napisy24.swift in Sources */,
				20A6DF241E59DDE900895BF0 /* AsynchronousOperation.swift in Sources */,
				2049F3D91E755A490083547D /* StatusBarItemController.swift in Sources */,
				20176E931C6A502500574B5B /* Timestamp.swift in Sources */,
				20C394671E05A33E00EB7D63 /* Date+Timestamp.swift in Sources */,
				202F3B401E6C2F6000BDB148 /* SubtitleOperation.swift in Sources */,
				2049F3DB1E755C580083547D /* Preferences.swift in Sources */,
				20909F141D9C2631004622B0 /* Disctionary+HTTPBodyFormat.swift in Sources */,
				200364F61CFE0EEA00A09CEA /* Lexer.swift in Sources */,
				20C394651E055E3600EB7D63 /* NameMatcher.swift in Sources */,
				203B12701DEF56220036D52D /* Unziper.swift in Sources */,
				200C4BA81C66552500FBE406 /* TMPlayerSubtitleFormat.swift in Sources */,
				20DF1F4C1E335673003A3491 /* OpenSubtitles.swift in Sources */,
				204C2EE11E06AED300A8F58E /* SubtitleProvider.swift in Sources */,
				20A8622A1D52257D007FEC7C /* SupportedSubtitleFormat.swift in Sources */,
				20A76D701D47D94F00BC031B /* Subtitle.swift in Sources */,
				20C9896E1D36AB3100B16DD2 /* SubtitleTokenType.swift in Sources */,
				200780CB1C64F3BC0098B026 /* SubRipSubtitleFormat.swift in Sources */,
				201ED1151E2A47AF006392F8 /* DirectoryScanner.swift in Sources */,
				200364F81CFE0EF800A09CEA /* Token.swift in Sources */,
				209451621E7726A8001861CE /* SupportedSubtitleProvider.swift in Sources */,
				2049F3DD1E75615E0083547D /* MainWindowController.swift in Sources */,
				200C4BA01C66089600FBE406 /* SubtitleFormat.swift in Sources */,
				208BF2AF1D73170700111F4D /* Data+MD5.swift in Sources */,
				204C2EE61E06B61200A8F58E /* SearchCriteria.swift in Sources */,
				202F3B3E1E6C2F6000BDB148 /* SubtitleDownloader.swift in Sources */,
				20A862301D5246F1007FEC7C /* SubtitleConverter.swift in Sources */,
				208625CB1D4513A800B6DEF6 /* Int+Timestamp.swift in Sources */,
				200C4B9E1C6601F800FBE406 /* MPL2SubtitleFormat.swift in Sources */,
				20EFC2FA1E3A549100004CB1 /* XMLRPCDocument.swift in Sources */,
				202F8DE41E0301B800F225D8 /* Language.swift in Sources */,
				20DFA6691E2A5D0F0073ED45 /* NapiProjekt.swift in Sources */,
				204CCC181E7071AD00A4F974 /* UserDefaults+RegisterDefaults.swift in Sources */,
				208C77881E6F427C00ED7394 /* FileInformation.swift in Sources */,
				201D62A91E3A70FF0010A7CA /* URLSession+DataTask.swift in Sources */,
				202F3B3F1E6C2F6000BDB148 /* SubtitleDownloaderDelegate.swift in Sources */,
				202F3B311E6C2C1800BDB148 /* Collection+IsNotEmpty.swift in Sources */,
				20EF7CFC1C67B1C4005A17A7 /* MicroDVDSubtitleFormat.swift in Sources */,
				208BF2AD1D7316FC00111F4D /* String+MD5.swift in Sources */,
				2057DBAF1E0433C70049DC3A /* SubtitleEntity.swift in Sources */,
				20A8622E1D522C4C007FEC7C /* SubtitleCheckingResult.swift in Sources */,
				200364FA1CFE110700A09CEA /* String+Substring.swift in Sources */,
				203B126E1DEF55ED0036D52D /* URL+FileManagerOperations.swift in Sources */,
			);
			runOnlyForDeploymentPostprocessing = 0;
		};
		200780711C64AE4F0098B026 /* Sources */ = {
			isa = PBXSourcesBuildPhase;
			buildActionMask = 2147483647;
			files = (
				200C4BAB1C66565700FBE406 /* SubRipSubtitleFormatTests.swift in Sources */,
				20EF7CFF1C67B280005A17A7 /* MicroDVDSubtitleFormatTests.swift in Sources */,
				209FA9671D2FE4FD00C54DCA /* TokenTests.swift in Sources */,
				2057DBB11E0436C30049DC3A /* SubtitleEntityTests.swift in Sources */,
				200780CD1C64F3F90098B026 /* TMPlayerSubtitleFormatTests.swift in Sources */,
				20C989691D36A92C00B16DD2 /* LexerTests.swift in Sources */,
				200C4BA61C664C8100FBE406 /* MPL2SubtitleFormatTests.swift in Sources */,
				20F5D23C1DFF062F00FA9BAC /* TemporaryDirectoryManagerTests.swift in Sources */,
				20A862321D5258BB007FEC7C /* SubtitleConverterTests.swift in Sources */,
				200364F21CFE04A400A09CEA /* TimestampTests.swift in Sources */,
				20BEECEE1E05BDDC0018A5B7 /* NameMatcherTests.swift in Sources */,
				202F8DE61E0301FE00F225D8 /* LanguageTests.swift in Sources */,
			);
			runOnlyForDeploymentPostprocessing = 0;
		};
/* End PBXSourcesBuildPhase section */

/* Begin PBXTargetDependency section */
		200780771C64AE4F0098B026 /* PBXTargetDependency */ = {
			isa = PBXTargetDependency;
			target = 200780631C64AE4F0098B026 /* Napi */;
			targetProxy = 200780761C64AE4F0098B026 /* PBXContainerItemProxy */;
		};
/* End PBXTargetDependency section */

/* Begin PBXVariantGroup section */
		2007806D1C64AE4F0098B026 /* Main.storyboard */ = {
			isa = PBXVariantGroup;
			children = (
				2007806E1C64AE4F0098B026 /* Base */,
			);
			name = Main.storyboard;
			path = .;
			sourceTree = "<group>";
		};
/* End PBXVariantGroup section */

/* Begin XCBuildConfiguration section */
		2007807C1C64AE4F0098B026 /* Debug */ = {
			isa = XCBuildConfiguration;
			buildSettings = {
				ALWAYS_SEARCH_USER_PATHS = NO;
				CLANG_CXX_LANGUAGE_STANDARD = "gnu++0x";
				CLANG_CXX_LIBRARY = "libc++";
				CLANG_ENABLE_MODULES = YES;
				CLANG_ENABLE_OBJC_ARC = YES;
				CLANG_WARN_BOOL_CONVERSION = YES;
				CLANG_WARN_CONSTANT_CONVERSION = YES;
				CLANG_WARN_DIRECT_OBJC_ISA_USAGE = YES_ERROR;
				CLANG_WARN_EMPTY_BODY = YES;
				CLANG_WARN_ENUM_CONVERSION = YES;
				CLANG_WARN_INFINITE_RECURSION = YES;
				CLANG_WARN_INT_CONVERSION = YES;
				CLANG_WARN_OBJC_ROOT_CLASS = YES_ERROR;
				CLANG_WARN_SUSPICIOUS_MOVE = YES;
				CLANG_WARN_UNREACHABLE_CODE = YES;
				CLANG_WARN__DUPLICATE_METHOD_MATCH = YES;
				CODE_SIGN_IDENTITY = "-";
				COPY_PHASE_STRIP = NO;
				DEBUG_INFORMATION_FORMAT = dwarf;
				ENABLE_STRICT_OBJC_MSGSEND = YES;
				ENABLE_TESTABILITY = YES;
				GCC_C_LANGUAGE_STANDARD = gnu99;
				GCC_DYNAMIC_NO_PIC = NO;
				GCC_NO_COMMON_BLOCKS = YES;
				GCC_OPTIMIZATION_LEVEL = 0;
				GCC_PREPROCESSOR_DEFINITIONS = (
					"DEBUG=1",
					"$(inherited)",
				);
				GCC_WARN_64_TO_32_BIT_CONVERSION = YES;
				GCC_WARN_ABOUT_RETURN_TYPE = YES_ERROR;
				GCC_WARN_UNDECLARED_SELECTOR = YES;
				GCC_WARN_UNINITIALIZED_AUTOS = YES_AGGRESSIVE;
				GCC_WARN_UNUSED_FUNCTION = YES;
				GCC_WARN_UNUSED_VARIABLE = YES;
				MACOSX_DEPLOYMENT_TARGET = 10.12;
				MTL_ENABLE_DEBUG_INFO = YES;
				ONLY_ACTIVE_ARCH = YES;
				SDKROOT = macosx;
				SWIFT_OPTIMIZATION_LEVEL = "-Onone";
			};
			name = Debug;
		};
		2007807D1C64AE4F0098B026 /* Release */ = {
			isa = XCBuildConfiguration;
			buildSettings = {
				ALWAYS_SEARCH_USER_PATHS = NO;
				CLANG_CXX_LANGUAGE_STANDARD = "gnu++0x";
				CLANG_CXX_LIBRARY = "libc++";
				CLANG_ENABLE_MODULES = YES;
				CLANG_ENABLE_OBJC_ARC = YES;
				CLANG_WARN_BOOL_CONVERSION = YES;
				CLANG_WARN_CONSTANT_CONVERSION = YES;
				CLANG_WARN_DIRECT_OBJC_ISA_USAGE = YES_ERROR;
				CLANG_WARN_EMPTY_BODY = YES;
				CLANG_WARN_ENUM_CONVERSION = YES;
				CLANG_WARN_INFINITE_RECURSION = YES;
				CLANG_WARN_INT_CONVERSION = YES;
				CLANG_WARN_OBJC_ROOT_CLASS = YES_ERROR;
				CLANG_WARN_SUSPICIOUS_MOVE = YES;
				CLANG_WARN_UNREACHABLE_CODE = YES;
				CLANG_WARN__DUPLICATE_METHOD_MATCH = YES;
				CODE_SIGN_IDENTITY = "-";
				COPY_PHASE_STRIP = NO;
				DEBUG_INFORMATION_FORMAT = "dwarf-with-dsym";
				ENABLE_NS_ASSERTIONS = NO;
				ENABLE_STRICT_OBJC_MSGSEND = YES;
				GCC_C_LANGUAGE_STANDARD = gnu99;
				GCC_NO_COMMON_BLOCKS = YES;
				GCC_WARN_64_TO_32_BIT_CONVERSION = YES;
				GCC_WARN_ABOUT_RETURN_TYPE = YES_ERROR;
				GCC_WARN_UNDECLARED_SELECTOR = YES;
				GCC_WARN_UNINITIALIZED_AUTOS = YES_AGGRESSIVE;
				GCC_WARN_UNUSED_FUNCTION = YES;
				GCC_WARN_UNUSED_VARIABLE = YES;
				MACOSX_DEPLOYMENT_TARGET = 10.12;
				MTL_ENABLE_DEBUG_INFO = NO;
				SDKROOT = macosx;
			};
			name = Release;
		};
		2007807F1C64AE4F0098B026 /* Debug */ = {
			isa = XCBuildConfiguration;
			buildSettings = {
				ASSETCATALOG_COMPILER_APPICON_NAME = AppIcon;
				CLANG_ENABLE_MODULES = YES;
				CLANG_OPTIMIZATION_PROFILE_FILE = "$(SRCROOT)/OptimizationProfiles/$(PROJECT_NAME).profdata";
				COMBINE_HIDPI_IMAGES = YES;
				FRAMEWORK_SEARCH_PATHS = "";
				INFOPLIST_FILE = "$(SRCROOT)/Napi/Supporting Files/Info.plist";
				LD_RUNPATH_SEARCH_PATHS = "$(inherited) @executable_path/../Frameworks";
				MACOSX_DEPLOYMENT_TARGET = 10.12;
				PRODUCT_BUNDLE_IDENTIFIER = com.mateuszkarwat.Napi;
				PRODUCT_NAME = "$(TARGET_NAME)";
				SWIFT_OBJC_BRIDGING_HEADER = "Napi/Supporting Files/Napi-Bridging-Header.h";
				SWIFT_OPTIMIZATION_LEVEL = "-Onone";
				SWIFT_VERSION = 3.0;
			};
			name = Debug;
		};
		200780801C64AE4F0098B026 /* Release */ = {
			isa = XCBuildConfiguration;
			buildSettings = {
				ASSETCATALOG_COMPILER_APPICON_NAME = AppIcon;
				CLANG_ENABLE_MODULES = YES;
				COMBINE_HIDPI_IMAGES = YES;
				FRAMEWORK_SEARCH_PATHS = "";
				INFOPLIST_FILE = "$(SRCROOT)/Napi/Supporting Files/Info.plist";
				LD_RUNPATH_SEARCH_PATHS = "$(inherited) @executable_path/../Frameworks";
				MACOSX_DEPLOYMENT_TARGET = 10.12;
				PRODUCT_BUNDLE_IDENTIFIER = com.mateuszkarwat.Napi;
				PRODUCT_NAME = "$(TARGET_NAME)";
				SWIFT_OBJC_BRIDGING_HEADER = "Napi/Supporting Files/Napi-Bridging-Header.h";
				SWIFT_OPTIMIZATION_LEVEL = "-Owholemodule";
				SWIFT_VERSION = 3.0;
			};
			name = Release;
		};
		200780821C64AE4F0098B026 /* Debug */ = {
			isa = XCBuildConfiguration;
			buildSettings = {
				BUNDLE_LOADER = "$(TEST_HOST)";
				CLANG_ENABLE_MODULES = YES;
				COMBINE_HIDPI_IMAGES = YES;
				INFOPLIST_FILE = NapiTests/Info.plist;
				LD_RUNPATH_SEARCH_PATHS = "$(inherited) @executable_path/../Frameworks @loader_path/../Frameworks";
				PRODUCT_BUNDLE_IDENTIFIER = mateuszkarwat.NapiTests;
				PRODUCT_NAME = "$(TARGET_NAME)";
				SWIFT_OPTIMIZATION_LEVEL = "-Onone";
				SWIFT_VERSION = 3.0;
				TEST_HOST = "$(BUILT_PRODUCTS_DIR)/Napi.app/Contents/MacOS/Napi";
			};
			name = Debug;
		};
		200780831C64AE4F0098B026 /* Release */ = {
			isa = XCBuildConfiguration;
			buildSettings = {
				BUNDLE_LOADER = "$(TEST_HOST)";
				CLANG_ENABLE_MODULES = YES;
				COMBINE_HIDPI_IMAGES = YES;
				INFOPLIST_FILE = NapiTests/Info.plist;
				LD_RUNPATH_SEARCH_PATHS = "$(inherited) @executable_path/../Frameworks @loader_path/../Frameworks";
				PRODUCT_BUNDLE_IDENTIFIER = mateuszkarwat.NapiTests;
				PRODUCT_NAME = "$(TARGET_NAME)";
				SWIFT_OPTIMIZATION_LEVEL = "-Owholemodule";
				SWIFT_VERSION = 3.0;
				TEST_HOST = "$(BUILT_PRODUCTS_DIR)/Napi.app/Contents/MacOS/Napi";
			};
			name = Release;
		};
/* End XCBuildConfiguration section */

/* Begin XCConfigurationList section */
		2007805F1C64AE4F0098B026 /* Build configuration list for PBXProject "Napi" */ = {
			isa = XCConfigurationList;
			buildConfigurations = (
				2007807C1C64AE4F0098B026 /* Debug */,
				2007807D1C64AE4F0098B026 /* Release */,
			);
			defaultConfigurationIsVisible = 0;
			defaultConfigurationName = Release;
		};
		2007807E1C64AE4F0098B026 /* Build configuration list for PBXNativeTarget "Napi" */ = {
			isa = XCConfigurationList;
			buildConfigurations = (
				2007807F1C64AE4F0098B026 /* Debug */,
				200780801C64AE4F0098B026 /* Release */,
			);
			defaultConfigurationIsVisible = 0;
			defaultConfigurationName = Release;
		};
		200780811C64AE4F0098B026 /* Build configuration list for PBXNativeTarget "NapiTests" */ = {
			isa = XCConfigurationList;
			buildConfigurations = (
				200780821C64AE4F0098B026 /* Debug */,
				200780831C64AE4F0098B026 /* Release */,
			);
			defaultConfigurationIsVisible = 0;
			defaultConfigurationName = Release;
		};
/* End XCConfigurationList section */
	};
	rootObject = 2007805C1C64AE4F0098B026 /* Project object */;
}
